// !$*UTF8*$!
{
	archiveVersion = 1;
	classes = {
	};
	objectVersion = 46;
	objects = {

/* Begin PBXBuildFile section */
		1CAFC7161A9DB90700AF53D3 /* AppControllerClient.h in CopyFiles */ = {isa = PBXBuildFile; fileRef = 1CAFC7151A9DB90700AF53D3 /* AppControllerClient.h */; };
		1CAFC7351A9DB99800AF53D3 /* main.m in Sources */ = {isa = PBXBuildFile; fileRef = 1CAFC7341A9DB99800AF53D3 /* main.m */; };
		1CAFC7381A9DB99800AF53D3 /* AppDelegate.m in Sources */ = {isa = PBXBuildFile; fileRef = 1CAFC7371A9DB99800AF53D3 /* AppDelegate.m */; };
		1CAFC73B1A9DB99800AF53D3 /* ViewController.m in Sources */ = {isa = PBXBuildFile; fileRef = 1CAFC73A1A9DB99800AF53D3 /* ViewController.m */; };
		1CAFC73E1A9DB99800AF53D3 /* Main.storyboard in Resources */ = {isa = PBXBuildFile; fileRef = 1CAFC73C1A9DB99800AF53D3 /* Main.storyboard */; };
		1CAFC7401A9DB99800AF53D3 /* Images.xcassets in Resources */ = {isa = PBXBuildFile; fileRef = 1CAFC73F1A9DB99800AF53D3 /* Images.xcassets */; };
		1CAFC7431A9DB99800AF53D3 /* LaunchScreen.xib in Resources */ = {isa = PBXBuildFile; fileRef = 1CAFC7411A9DB99800AF53D3 /* LaunchScreen.xib */; };
		1CAFC7581A9DBABD00AF53D3 /* ACAPIClient.m in Sources */ = {isa = PBXBuildFile; fileRef = 1CAFC7571A9DBABD00AF53D3 /* ACAPIClient.m */; };
		1CAFC75B1A9DBB6500AF53D3 /* ACBaseViewController.m in Sources */ = {isa = PBXBuildFile; fileRef = 1CAFC75A1A9DBB6500AF53D3 /* ACBaseViewController.m */; };
		1CAFC75E1A9DBB7A00AF53D3 /* ACAdView.m in Sources */ = {isa = PBXBuildFile; fileRef = 1CAFC75D1A9DBB7A00AF53D3 /* ACAdView.m */; };
		1CAFC7611A9DBBEC00AF53D3 /* ACHouseAdViewController.m in Sources */ = {isa = PBXBuildFile; fileRef = 1CAFC7601A9DBBEC00AF53D3 /* ACHouseAdViewController.m */; };
		1CAFC7641A9DBBFC00AF53D3 /* ACHouseAdView.m in Sources */ = {isa = PBXBuildFile; fileRef = 1CAFC7631A9DBBFC00AF53D3 /* ACHouseAdView.m */; };
		1CAFC7671A9DBE5A00AF53D3 /* libAppControllerClient.a in Frameworks */ = {isa = PBXBuildFile; fileRef = 1CAFC7121A9DB90700AF53D3 /* libAppControllerClient.a */; };
		1CAFC7701A9DC18300AF53D3 /* GoogleMobileAds.framework in Frameworks */ = {isa = PBXBuildFile; fileRef = 1CAFC76A1A9DC18300AF53D3 /* GoogleMobileAds.framework */; };
		1CAFC7711A9DC18300AF53D3 /* README.txt in Resources */ = {isa = PBXBuildFile; fileRef = 1CAFC76B1A9DC18300AF53D3 /* README.txt */; };
		1CAFC7721A9DC18300AF53D3 /* Integration Manual.url in Resources */ = {isa = PBXBuildFile; fileRef = 1CAFC76D1A9DC18300AF53D3 /* Integration Manual.url */; };
		1CAFC7731A9DC18300AF53D3 /* StartApp.bundle in Resources */ = {isa = PBXBuildFile; fileRef = 1CAFC76E1A9DC18300AF53D3 /* StartApp.bundle */; };
		1CAFC7741A9DC18300AF53D3 /* StartApp.framework in Frameworks */ = {isa = PBXBuildFile; fileRef = 1CAFC76F1A9DC18300AF53D3 /* StartApp.framework */; };
		1CAFC7761A9DC7B800AF53D3 /* StoreKit.framework in Frameworks */ = {isa = PBXBuildFile; fileRef = 1CAFC7751A9DC7B800AF53D3 /* StoreKit.framework */; };
		1CAFC7781A9DC7DC00AF53D3 /* CoreGraphics.framework in Frameworks */ = {isa = PBXBuildFile; fileRef = 1CAFC7771A9DC7DC00AF53D3 /* CoreGraphics.framework */; };
		1CAFC77A1A9DC83700AF53D3 /* AdSupport.framework in Frameworks */ = {isa = PBXBuildFile; fileRef = 1CAFC7791A9DC83700AF53D3 /* AdSupport.framework */; };
		1CAFC77C1A9DC83D00AF53D3 /* QuartzCore.framework in Frameworks */ = {isa = PBXBuildFile; fileRef = 1CAFC77B1A9DC83D00AF53D3 /* QuartzCore.framework */; };
		1CAFC77E1A9DC84600AF53D3 /* SystemConfiguration.framework in Frameworks */ = {isa = PBXBuildFile; fileRef = 1CAFC77D1A9DC84600AF53D3 /* SystemConfiguration.framework */; };
		1CAFC7801A9DC84D00AF53D3 /* CoreTelephony.framework in Frameworks */ = {isa = PBXBuildFile; fileRef = 1CAFC77F1A9DC84D00AF53D3 /* CoreTelephony.framework */; };
		1CB02B3E1A9EBC6C00F01E8E /* ACAppClient.m in Sources */ = {isa = PBXBuildFile; fileRef = 1CB02B3D1A9EBC6C00F01E8E /* ACAppClient.m */; };
		1CB02B3F1A9ED97100F01E8E /* StartApp.framework in Frameworks */ = {isa = PBXBuildFile; fileRef = 1CAFC76F1A9DC18300AF53D3 /* StartApp.framework */; };
		1CB02B401A9ED97A00F01E8E /* GoogleMobileAds.framework in Frameworks */ = {isa = PBXBuildFile; fileRef = 1CAFC76A1A9DC18300AF53D3 /* GoogleMobileAds.framework */; };
		1CB02B421A9EDF1A00F01E8E /* iAd.framework in Frameworks */ = {isa = PBXBuildFile; fileRef = 1CB02B411A9EDF1A00F01E8E /* iAd.framework */; };
		1CB02B431A9EDF2200F01E8E /* iAd.framework in Frameworks */ = {isa = PBXBuildFile; fileRef = 1CB02B411A9EDF1A00F01E8E /* iAd.framework */; };
/* End PBXBuildFile section */

/* Begin PBXContainerItemProxy section */
		1CAFC7651A9DBE5400AF53D3 /* PBXContainerItemProxy */ = {
			isa = PBXContainerItemProxy;
			containerPortal = 1CAFC70A1A9DB90700AF53D3 /* Project object */;
			proxyType = 1;
			remoteGlobalIDString = 1CAFC7111A9DB90700AF53D3;
			remoteInfo = AppControllerClient;
		};
/* End PBXContainerItemProxy section */

/* Begin PBXCopyFilesBuildPhase section */
		1CAFC7101A9DB90700AF53D3 /* CopyFiles */ = {
			isa = PBXCopyFilesBuildPhase;
			buildActionMask = 2147483647;
			dstPath = "include/$(PRODUCT_NAME)";
			dstSubfolderSpec = 16;
			files = (
				1CAFC7161A9DB90700AF53D3 /* AppControllerClient.h in CopyFiles */,
			);
			runOnlyForDeploymentPostprocessing = 0;
		};
/* End PBXCopyFilesBuildPhase section */

/* Begin PBXFileReference section */
		1CAFC7121A9DB90700AF53D3 /* libAppControllerClient.a */ = {isa = PBXFileReference; explicitFileType = archive.ar; includeInIndex = 0; path = libAppControllerClient.a; sourceTree = BUILT_PRODUCTS_DIR; };
		1CAFC7151A9DB90700AF53D3 /* AppControllerClient.h */ = {isa = PBXFileReference; lastKnownFileType = sourcecode.c.h; path = AppControllerClient.h; sourceTree = "<group>"; };
		1CAFC7231A9DB90700AF53D3 /* Info.plist */ = {isa = PBXFileReference; lastKnownFileType = text.plist.xml; path = Info.plist; sourceTree = "<group>"; };
		1CAFC7301A9DB99800AF53D3 /* Demo.app */ = {isa = PBXFileReference; explicitFileType = wrapper.application; includeInIndex = 0; path = Demo.app; sourceTree = BUILT_PRODUCTS_DIR; };
		1CAFC7331A9DB99800AF53D3 /* Info.plist */ = {isa = PBXFileReference; lastKnownFileType = text.plist.xml; path = Info.plist; sourceTree = "<group>"; };
		1CAFC7341A9DB99800AF53D3 /* main.m */ = {isa = PBXFileReference; lastKnownFileType = sourcecode.c.objc; path = main.m; sourceTree = "<group>"; };
		1CAFC7361A9DB99800AF53D3 /* AppDelegate.h */ = {isa = PBXFileReference; lastKnownFileType = sourcecode.c.h; path = AppDelegate.h; sourceTree = "<group>"; };
		1CAFC7371A9DB99800AF53D3 /* AppDelegate.m */ = {isa = PBXFileReference; lastKnownFileType = sourcecode.c.objc; path = AppDelegate.m; sourceTree = "<group>"; };
		1CAFC7391A9DB99800AF53D3 /* ViewController.h */ = {isa = PBXFileReference; lastKnownFileType = sourcecode.c.h; path = ViewController.h; sourceTree = "<group>"; };
		1CAFC73A1A9DB99800AF53D3 /* ViewController.m */ = {isa = PBXFileReference; lastKnownFileType = sourcecode.c.objc; path = ViewController.m; sourceTree = "<group>"; };
		1CAFC73D1A9DB99800AF53D3 /* Base */ = {isa = PBXFileReference; lastKnownFileType = file.storyboard; name = Base; path = Base.lproj/Main.storyboard; sourceTree = "<group>"; };
		1CAFC73F1A9DB99800AF53D3 /* Images.xcassets */ = {isa = PBXFileReference; lastKnownFileType = folder.assetcatalog; path = Images.xcassets; sourceTree = "<group>"; };
		1CAFC7421A9DB99800AF53D3 /* Base */ = {isa = PBXFileReference; lastKnownFileType = file.xib; name = Base; path = Base.lproj/LaunchScreen.xib; sourceTree = "<group>"; };
		1CAFC74D1A9DB99800AF53D3 /* Info.plist */ = {isa = PBXFileReference; lastKnownFileType = text.plist.xml; path = Info.plist; sourceTree = "<group>"; };
		1CAFC74E1A9DB99800AF53D3 /* DemoTests.m */ = {isa = PBXFileReference; lastKnownFileType = sourcecode.c.objc; path = DemoTests.m; sourceTree = "<group>"; };
		1CAFC7561A9DBABD00AF53D3 /* ACAPIClient.h */ = {isa = PBXFileReference; fileEncoding = 4; lastKnownFileType = sourcecode.c.h; path = ACAPIClient.h; sourceTree = "<group>"; };
		1CAFC7571A9DBABD00AF53D3 /* ACAPIClient.m */ = {isa = PBXFileReference; fileEncoding = 4; lastKnownFileType = sourcecode.c.objc; path = ACAPIClient.m; sourceTree = "<group>"; };
		1CAFC7591A9DBB6500AF53D3 /* ACBaseViewController.h */ = {isa = PBXFileReference; fileEncoding = 4; lastKnownFileType = sourcecode.c.h; path = ACBaseViewController.h; sourceTree = "<group>"; };
		1CAFC75A1A9DBB6500AF53D3 /* ACBaseViewController.m */ = {isa = PBXFileReference; fileEncoding = 4; lastKnownFileType = sourcecode.c.objc; path = ACBaseViewController.m; sourceTree = "<group>"; };
		1CAFC75C1A9DBB7A00AF53D3 /* ACAdView.h */ = {isa = PBXFileReference; fileEncoding = 4; lastKnownFileType = sourcecode.c.h; path = ACAdView.h; sourceTree = "<group>"; };
		1CAFC75D1A9DBB7A00AF53D3 /* ACAdView.m */ = {isa = PBXFileReference; fileEncoding = 4; lastKnownFileType = sourcecode.c.objc; path = ACAdView.m; sourceTree = "<group>"; };
		1CAFC75F1A9DBBEC00AF53D3 /* ACHouseAdViewController.h */ = {isa = PBXFileReference; fileEncoding = 4; lastKnownFileType = sourcecode.c.h; path = ACHouseAdViewController.h; sourceTree = "<group>"; };
		1CAFC7601A9DBBEC00AF53D3 /* ACHouseAdViewController.m */ = {isa = PBXFileReference; fileEncoding = 4; lastKnownFileType = sourcecode.c.objc; path = ACHouseAdViewController.m; sourceTree = "<group>"; };
		1CAFC7621A9DBBFC00AF53D3 /* ACHouseAdView.h */ = {isa = PBXFileReference; fileEncoding = 4; lastKnownFileType = sourcecode.c.h; path = ACHouseAdView.h; sourceTree = "<group>"; };
		1CAFC7631A9DBBFC00AF53D3 /* ACHouseAdView.m */ = {isa = PBXFileReference; fileEncoding = 4; lastKnownFileType = sourcecode.c.objc; path = ACHouseAdView.m; sourceTree = "<group>"; };
		1CAFC76A1A9DC18300AF53D3 /* GoogleMobileAds.framework */ = {isa = PBXFileReference; lastKnownFileType = wrapper.framework; path = GoogleMobileAds.framework; sourceTree = "<group>"; };
		1CAFC76B1A9DC18300AF53D3 /* README.txt */ = {isa = PBXFileReference; fileEncoding = 4; lastKnownFileType = text; path = README.txt; sourceTree = "<group>"; };
		1CAFC76D1A9DC18300AF53D3 /* Integration Manual.url */ = {isa = PBXFileReference; fileEncoding = 4; lastKnownFileType = text; path = "Integration Manual.url"; sourceTree = "<group>"; };
		1CAFC76E1A9DC18300AF53D3 /* StartApp.bundle */ = {isa = PBXFileReference; lastKnownFileType = "wrapper.plug-in"; path = StartApp.bundle; sourceTree = "<group>"; };
		1CAFC76F1A9DC18300AF53D3 /* StartApp.framework */ = {isa = PBXFileReference; lastKnownFileType = wrapper.framework; path = StartApp.framework; sourceTree = "<group>"; };
		1CAFC7751A9DC7B800AF53D3 /* StoreKit.framework */ = {isa = PBXFileReference; lastKnownFileType = wrapper.framework; name = StoreKit.framework; path = System/Library/Frameworks/StoreKit.framework; sourceTree = SDKROOT; };
		1CAFC7771A9DC7DC00AF53D3 /* CoreGraphics.framework */ = {isa = PBXFileReference; lastKnownFileType = wrapper.framework; name = CoreGraphics.framework; path = System/Library/Frameworks/CoreGraphics.framework; sourceTree = SDKROOT; };
		1CAFC7791A9DC83700AF53D3 /* AdSupport.framework */ = {isa = PBXFileReference; lastKnownFileType = wrapper.framework; name = AdSupport.framework; path = System/Library/Frameworks/AdSupport.framework; sourceTree = SDKROOT; };
		1CAFC77B1A9DC83D00AF53D3 /* QuartzCore.framework */ = {isa = PBXFileReference; lastKnownFileType = wrapper.framework; name = QuartzCore.framework; path = System/Library/Frameworks/QuartzCore.framework; sourceTree = SDKROOT; };
		1CAFC77D1A9DC84600AF53D3 /* SystemConfiguration.framework */ = {isa = PBXFileReference; lastKnownFileType = wrapper.framework; name = SystemConfiguration.framework; path = System/Library/Frameworks/SystemConfiguration.framework; sourceTree = SDKROOT; };
		1CAFC77F1A9DC84D00AF53D3 /* CoreTelephony.framework */ = {isa = PBXFileReference; lastKnownFileType = wrapper.framework; name = CoreTelephony.framework; path = System/Library/Frameworks/CoreTelephony.framework; sourceTree = SDKROOT; };
		1CB02B3C1A9EBC6C00F01E8E /* ACAppClient.h */ = {isa = PBXFileReference; fileEncoding = 4; lastKnownFileType = sourcecode.c.h; path = ACAppClient.h; sourceTree = "<group>"; };
		1CB02B3D1A9EBC6C00F01E8E /* ACAppClient.m */ = {isa = PBXFileReference; fileEncoding = 4; lastKnownFileType = sourcecode.c.objc; path = ACAppClient.m; sourceTree = "<group>"; };
		1CB02B411A9EDF1A00F01E8E /* iAd.framework */ = {isa = PBXFileReference; lastKnownFileType = wrapper.framework; name = iAd.framework; path = System/Library/Frameworks/iAd.framework; sourceTree = SDKROOT; };
/* End PBXFileReference section */

/* Begin PBXFrameworksBuildPhase section */
		1CAFC70F1A9DB90700AF53D3 /* Frameworks */ = {
			isa = PBXFrameworksBuildPhase;
			buildActionMask = 2147483647;
			files = (
				1CB02B431A9EDF2200F01E8E /* iAd.framework in Frameworks */,
				1CB02B401A9ED97A00F01E8E /* GoogleMobileAds.framework in Frameworks */,
				1CB02B3F1A9ED97100F01E8E /* StartApp.framework in Frameworks */,
			);
			runOnlyForDeploymentPostprocessing = 0;
		};
		1CAFC72D1A9DB99800AF53D3 /* Frameworks */ = {
			isa = PBXFrameworksBuildPhase;
			buildActionMask = 2147483647;
			files = (
				1CB02B421A9EDF1A00F01E8E /* iAd.framework in Frameworks */,
				1CAFC7801A9DC84D00AF53D3 /* CoreTelephony.framework in Frameworks */,
				1CAFC77E1A9DC84600AF53D3 /* SystemConfiguration.framework in Frameworks */,
				1CAFC77C1A9DC83D00AF53D3 /* QuartzCore.framework in Frameworks */,
				1CAFC77A1A9DC83700AF53D3 /* AdSupport.framework in Frameworks */,
				1CAFC7781A9DC7DC00AF53D3 /* CoreGraphics.framework in Frameworks */,
				1CAFC7761A9DC7B800AF53D3 /* StoreKit.framework in Frameworks */,
				1CAFC7741A9DC18300AF53D3 /* StartApp.framework in Frameworks */,
				1CAFC7701A9DC18300AF53D3 /* GoogleMobileAds.framework in Frameworks */,
				1CAFC7671A9DBE5A00AF53D3 /* libAppControllerClient.a in Frameworks */,
			);
			runOnlyForDeploymentPostprocessing = 0;
		};
/* End PBXFrameworksBuildPhase section */

/* Begin PBXGroup section */
		1CAFC7091A9DB90700AF53D3 = {
			isa = PBXGroup;
			children = (
				1CB02B411A9EDF1A00F01E8E /* iAd.framework */,
				1CAFC77F1A9DC84D00AF53D3 /* CoreTelephony.framework */,
				1CAFC77D1A9DC84600AF53D3 /* SystemConfiguration.framework */,
				1CAFC77B1A9DC83D00AF53D3 /* QuartzCore.framework */,
				1CAFC7791A9DC83700AF53D3 /* AdSupport.framework */,
				1CAFC7771A9DC7DC00AF53D3 /* CoreGraphics.framework */,
				1CAFC7751A9DC7B800AF53D3 /* StoreKit.framework */,
				1CAFC7141A9DB90700AF53D3 /* AppControllerClient */,
				1CAFC7211A9DB90700AF53D3 /* AppControllerClientTests */,
				1CAFC7311A9DB99800AF53D3 /* Demo */,
				1CAFC74B1A9DB99800AF53D3 /* DemoTests */,
				1CAFC7131A9DB90700AF53D3 /* Products */,
			);
			sourceTree = "<group>";
		};
		1CAFC7131A9DB90700AF53D3 /* Products */ = {
			isa = PBXGroup;
			children = (
				1CAFC7121A9DB90700AF53D3 /* libAppControllerClient.a */,
				1CAFC7301A9DB99800AF53D3 /* Demo.app */,
			);
			name = Products;
			sourceTree = "<group>";
		};
		1CAFC7141A9DB90700AF53D3 /* AppControllerClient */ = {
			isa = PBXGroup;
			children = (
				1CAFC7151A9DB90700AF53D3 /* AppControllerClient.h */,
				1CAFC7561A9DBABD00AF53D3 /* ACAPIClient.h */,
				1CAFC7571A9DBABD00AF53D3 /* ACAPIClient.m */,
				1CAFC7591A9DBB6500AF53D3 /* ACBaseViewController.h */,
				1CAFC75A1A9DBB6500AF53D3 /* ACBaseViewController.m */,
				1CAFC75C1A9DBB7A00AF53D3 /* ACAdView.h */,
				1CAFC75D1A9DBB7A00AF53D3 /* ACAdView.m */,
				1CAFC75F1A9DBBEC00AF53D3 /* ACHouseAdViewController.h */,
				1CAFC7601A9DBBEC00AF53D3 /* ACHouseAdViewController.m */,
				1CAFC7621A9DBBFC00AF53D3 /* ACHouseAdView.h */,
				1CAFC7631A9DBBFC00AF53D3 /* ACHouseAdView.m */,
				1CB02B3C1A9EBC6C00F01E8E /* ACAppClient.h */,
				1CB02B3D1A9EBC6C00F01E8E /* ACAppClient.m */,
			);
			path = AppControllerClient;
			sourceTree = "<group>";
		};
		1CAFC7211A9DB90700AF53D3 /* AppControllerClientTests */ = {
			isa = PBXGroup;
			children = (
				1CAFC7221A9DB90700AF53D3 /* Supporting Files */,
			);
			path = AppControllerClientTests;
			sourceTree = "<group>";
		};
		1CAFC7221A9DB90700AF53D3 /* Supporting Files */ = {
			isa = PBXGroup;
			children = (
				1CAFC7231A9DB90700AF53D3 /* Info.plist */,
			);
			name = "Supporting Files";
			sourceTree = "<group>";
		};
		1CAFC7311A9DB99800AF53D3 /* Demo */ = {
			isa = PBXGroup;
			children = (
				1CAFC7681A9DC18300AF53D3 /* AdServices */,
				1CAFC7361A9DB99800AF53D3 /* AppDelegate.h */,
				1CAFC7371A9DB99800AF53D3 /* AppDelegate.m */,
				1CAFC7391A9DB99800AF53D3 /* ViewController.h */,
				1CAFC73A1A9DB99800AF53D3 /* ViewController.m */,
				1CAFC73C1A9DB99800AF53D3 /* Main.storyboard */,
				1CAFC73F1A9DB99800AF53D3 /* Images.xcassets */,
				1CAFC7411A9DB99800AF53D3 /* LaunchScreen.xib */,
				1CAFC7321A9DB99800AF53D3 /* Supporting Files */,
			);
			path = Demo;
			sourceTree = "<group>";
		};
		1CAFC7321A9DB99800AF53D3 /* Supporting Files */ = {
			isa = PBXGroup;
			children = (
				1CAFC7331A9DB99800AF53D3 /* Info.plist */,
				1CAFC7341A9DB99800AF53D3 /* main.m */,
			);
			name = "Supporting Files";
			sourceTree = "<group>";
		};
		1CAFC74B1A9DB99800AF53D3 /* DemoTests */ = {
			isa = PBXGroup;
			children = (
				1CAFC74E1A9DB99800AF53D3 /* DemoTests.m */,
				1CAFC74C1A9DB99800AF53D3 /* Supporting Files */,
			);
			path = DemoTests;
			sourceTree = "<group>";
		};
		1CAFC74C1A9DB99800AF53D3 /* Supporting Files */ = {
			isa = PBXGroup;
			children = (
				1CAFC74D1A9DB99800AF53D3 /* Info.plist */,
			);
			name = "Supporting Files";
			sourceTree = "<group>";
		};
		1CAFC7681A9DC18300AF53D3 /* AdServices */ = {
			isa = PBXGroup;
			children = (
				1CAFC7691A9DC18300AF53D3 /* GoogleMobileAdsSdkiOS-7.0.0 */,
				1CAFC76C1A9DC18300AF53D3 /* StartApp_IOS-2.3.5.1 */,
			);
			path = AdServices;
			sourceTree = "<group>";
		};
		1CAFC7691A9DC18300AF53D3 /* GoogleMobileAdsSdkiOS-7.0.0 */ = {
			isa = PBXGroup;
			children = (
				1CAFC76A1A9DC18300AF53D3 /* GoogleMobileAds.framework */,
				1CAFC76B1A9DC18300AF53D3 /* README.txt */,
			);
			path = "GoogleMobileAdsSdkiOS-7.0.0";
			sourceTree = "<group>";
		};
		1CAFC76C1A9DC18300AF53D3 /* StartApp_IOS-2.3.5.1 */ = {
			isa = PBXGroup;
			children = (
				1CAFC76D1A9DC18300AF53D3 /* Integration Manual.url */,
				1CAFC76E1A9DC18300AF53D3 /* StartApp.bundle */,
				1CAFC76F1A9DC18300AF53D3 /* StartApp.framework */,
			);
			path = "StartApp_IOS-2.3.5.1";
			sourceTree = "<group>";
		};
/* End PBXGroup section */

/* Begin PBXNativeTarget section */
		1CAFC7111A9DB90700AF53D3 /* AppControllerClient */ = {
			isa = PBXNativeTarget;
			buildConfigurationList = 1CAFC7261A9DB90700AF53D3 /* Build configuration list for PBXNativeTarget "AppControllerClient" */;
			buildPhases = (
				1CAFC70E1A9DB90700AF53D3 /* Sources */,
				1CAFC70F1A9DB90700AF53D3 /* Frameworks */,
				1CAFC7101A9DB90700AF53D3 /* CopyFiles */,
			);
			buildRules = (
			);
			dependencies = (
			);
			name = AppControllerClient;
			productName = AppControllerClient;
			productReference = 1CAFC7121A9DB90700AF53D3 /* libAppControllerClient.a */;
			productType = "com.apple.product-type.library.static";
		};
		1CAFC72F1A9DB99800AF53D3 /* Demo */ = {
			isa = PBXNativeTarget;
			buildConfigurationList = 1CAFC7501A9DB99800AF53D3 /* Build configuration list for PBXNativeTarget "Demo" */;
			buildPhases = (
				1CAFC72C1A9DB99800AF53D3 /* Sources */,
				1CAFC72D1A9DB99800AF53D3 /* Frameworks */,
				1CAFC72E1A9DB99800AF53D3 /* Resources */,
			);
			buildRules = (
			);
			dependencies = (
				1CAFC7661A9DBE5400AF53D3 /* PBXTargetDependency */,
			);
			name = Demo;
			productName = Demo;
			productReference = 1CAFC7301A9DB99800AF53D3 /* Demo.app */;
			productType = "com.apple.product-type.application";
		};
/* End PBXNativeTarget section */

/* Begin PBXProject section */
		1CAFC70A1A9DB90700AF53D3 /* Project object */ = {
			isa = PBXProject;
			attributes = {
				LastUpgradeCheck = 0610;
				ORGANIZATIONNAME = "Huy Le";
				TargetAttributes = {
					1CAFC7111A9DB90700AF53D3 = {
						CreatedOnToolsVersion = 6.1.1;
					};
					1CAFC72F1A9DB99800AF53D3 = {
						CreatedOnToolsVersion = 6.1.1;
					};
				};
			};
			buildConfigurationList = 1CAFC70D1A9DB90700AF53D3 /* Build configuration list for PBXProject "AppControllerClient" */;
			compatibilityVersion = "Xcode 3.2";
			developmentRegion = English;
			hasScannedForEncodings = 0;
			knownRegions = (
				en,
				Base,
			);
			mainGroup = 1CAFC7091A9DB90700AF53D3;
			productRefGroup = 1CAFC7131A9DB90700AF53D3 /* Products */;
			projectDirPath = "";
			projectRoot = "";
			targets = (
				1CAFC7111A9DB90700AF53D3 /* AppControllerClient */,
				1CAFC72F1A9DB99800AF53D3 /* Demo */,
			);
		};
/* End PBXProject section */

/* Begin PBXResourcesBuildPhase section */
		1CAFC72E1A9DB99800AF53D3 /* Resources */ = {
			isa = PBXResourcesBuildPhase;
			buildActionMask = 2147483647;
			files = (
				1CAFC73E1A9DB99800AF53D3 /* Main.storyboard in Resources */,
				1CAFC7721A9DC18300AF53D3 /* Integration Manual.url in Resources */,
				1CAFC7731A9DC18300AF53D3 /* StartApp.bundle in Resources */,
				1CAFC7431A9DB99800AF53D3 /* LaunchScreen.xib in Resources */,
				1CAFC7711A9DC18300AF53D3 /* README.txt in Resources */,
				1CAFC7401A9DB99800AF53D3 /* Images.xcassets in Resources */,
			);
			runOnlyForDeploymentPostprocessing = 0;
		};
/* End PBXResourcesBuildPhase section */

/* Begin PBXSourcesBuildPhase section */
		1CAFC70E1A9DB90700AF53D3 /* Sources */ = {
			isa = PBXSourcesBuildPhase;
			buildActionMask = 2147483647;
			files = (
				1CAFC7641A9DBBFC00AF53D3 /* ACHouseAdView.m in Sources */,
				1CAFC7611A9DBBEC00AF53D3 /* ACHouseAdViewController.m in Sources */,
				1CAFC75E1A9DBB7A00AF53D3 /* ACAdView.m in Sources */,
				1CAFC7581A9DBABD00AF53D3 /* ACAPIClient.m in Sources */,
				1CB02B3E1A9EBC6C00F01E8E /* ACAppClient.m in Sources */,
				1CAFC75B1A9DBB6500AF53D3 /* ACBaseViewController.m in Sources */,
			);
			runOnlyForDeploymentPostprocessing = 0;
		};
		1CAFC72C1A9DB99800AF53D3 /* Sources */ = {
			isa = PBXSourcesBuildPhase;
			buildActionMask = 2147483647;
			files = (
				1CAFC73B1A9DB99800AF53D3 /* ViewController.m in Sources */,
				1CAFC7381A9DB99800AF53D3 /* AppDelegate.m in Sources */,
				1CAFC7351A9DB99800AF53D3 /* main.m in Sources */,
			);
			runOnlyForDeploymentPostprocessing = 0;
		};
/* End PBXSourcesBuildPhase section */

/* Begin PBXTargetDependency section */
		1CAFC7661A9DBE5400AF53D3 /* PBXTargetDependency */ = {
			isa = PBXTargetDependency;
			target = 1CAFC7111A9DB90700AF53D3 /* AppControllerClient */;
			targetProxy = 1CAFC7651A9DBE5400AF53D3 /* PBXContainerItemProxy */;
		};
/* End PBXTargetDependency section */

/* Begin PBXVariantGroup section */
		1CAFC73C1A9DB99800AF53D3 /* Main.storyboard */ = {
			isa = PBXVariantGroup;
			children = (
				1CAFC73D1A9DB99800AF53D3 /* Base */,
			);
			name = Main.storyboard;
			sourceTree = "<group>";
		};
		1CAFC7411A9DB99800AF53D3 /* LaunchScreen.xib */ = {
			isa = PBXVariantGroup;
			children = (
				1CAFC7421A9DB99800AF53D3 /* Base */,
			);
			name = LaunchScreen.xib;
			sourceTree = "<group>";
		};
/* End PBXVariantGroup section */

/* Begin XCBuildConfiguration section */
		1CAFC7241A9DB90700AF53D3 /* Debug */ = {
			isa = XCBuildConfiguration;
			buildSettings = {
				ALWAYS_SEARCH_USER_PATHS = NO;
				CLANG_CXX_LANGUAGE_STANDARD = "gnu++0x";
				CLANG_CXX_LIBRARY = "libc++";
				CLANG_ENABLE_MODULES = YES;
				CLANG_ENABLE_OBJC_ARC = YES;
				CLANG_WARN_BOOL_CONVERSION = YES;
				CLANG_WARN_CONSTANT_CONVERSION = YES;
				CLANG_WARN_DIRECT_OBJC_ISA_USAGE = YES_ERROR;
				CLANG_WARN_EMPTY_BODY = YES;
				CLANG_WARN_ENUM_CONVERSION = YES;
				CLANG_WARN_INT_CONVERSION = YES;
				CLANG_WARN_OBJC_ROOT_CLASS = YES_ERROR;
				CLANG_WARN_UNREACHABLE_CODE = YES;
				CLANG_WARN__DUPLICATE_METHOD_MATCH = YES;
				COPY_PHASE_STRIP = NO;
				ENABLE_STRICT_OBJC_MSGSEND = YES;
				GCC_C_LANGUAGE_STANDARD = gnu99;
				GCC_DYNAMIC_NO_PIC = NO;
				GCC_OPTIMIZATION_LEVEL = 0;
				GCC_PREPROCESSOR_DEFINITIONS = (
					"DEBUG=1",
					"$(inherited)",
				);
				GCC_SYMBOLS_PRIVATE_EXTERN = NO;
				GCC_WARN_64_TO_32_BIT_CONVERSION = YES;
				GCC_WARN_ABOUT_RETURN_TYPE = YES_ERROR;
				GCC_WARN_UNDECLARED_SELECTOR = YES;
				GCC_WARN_UNINITIALIZED_AUTOS = YES_AGGRESSIVE;
				GCC_WARN_UNUSED_FUNCTION = YES;
				GCC_WARN_UNUSED_VARIABLE = YES;
				IPHONEOS_DEPLOYMENT_TARGET = 7.0;
				MTL_ENABLE_DEBUG_INFO = YES;
				ONLY_ACTIVE_ARCH = YES;
				SDKROOT = iphoneos;
			};
			name = Debug;
		};
		1CAFC7251A9DB90700AF53D3 /* Release */ = {
			isa = XCBuildConfiguration;
			buildSettings = {
				ALWAYS_SEARCH_USER_PATHS = NO;
				CLANG_CXX_LANGUAGE_STANDARD = "gnu++0x";
				CLANG_CXX_LIBRARY = "libc++";
				CLANG_ENABLE_MODULES = YES;
				CLANG_ENABLE_OBJC_ARC = YES;
				CLANG_WARN_BOOL_CONVERSION = YES;
				CLANG_WARN_CONSTANT_CONVERSION = YES;
				CLANG_WARN_DIRECT_OBJC_ISA_USAGE = YES_ERROR;
				CLANG_WARN_EMPTY_BODY = YES;
				CLANG_WARN_ENUM_CONVERSION = YES;
				CLANG_WARN_INT_CONVERSION = YES;
				CLANG_WARN_OBJC_ROOT_CLASS = YES_ERROR;
				CLANG_WARN_UNREACHABLE_CODE = YES;
				CLANG_WARN__DUPLICATE_METHOD_MATCH = YES;
				COPY_PHASE_STRIP = YES;
				ENABLE_NS_ASSERTIONS = NO;
				ENABLE_STRICT_OBJC_MSGSEND = YES;
				GCC_C_LANGUAGE_STANDARD = gnu99;
				GCC_WARN_64_TO_32_BIT_CONVERSION = YES;
				GCC_WARN_ABOUT_RETURN_TYPE = YES_ERROR;
				GCC_WARN_UNDECLARED_SELECTOR = YES;
				GCC_WARN_UNINITIALIZED_AUTOS = YES_AGGRESSIVE;
				GCC_WARN_UNUSED_FUNCTION = YES;
				GCC_WARN_UNUSED_VARIABLE = YES;
				IPHONEOS_DEPLOYMENT_TARGET = 7.0;
				MTL_ENABLE_DEBUG_INFO = NO;
				SDKROOT = iphoneos;
				VALIDATE_PRODUCT = YES;
			};
			name = Release;
		};
		1CAFC7271A9DB90700AF53D3 /* Debug */ = {
			isa = XCBuildConfiguration;
			buildSettings = {
				FRAMEWORK_SEARCH_PATHS = (
					"$(inherited)",
					"$(PROJECT_DIR)/Demo/AdServices/StartApp_IOS-2.3.5.1",
					"$(PROJECT_DIR)/Demo/AdServices/GoogleMobileAdsSdkiOS-7.0.0",
				);
				OTHER_LDFLAGS = "-ObjC";
				PRODUCT_NAME = "$(TARGET_NAME)";
				SKIP_INSTALL = YES;
			};
			name = Debug;
		};
		1CAFC7281A9DB90700AF53D3 /* Release */ = {
			isa = XCBuildConfiguration;
			buildSettings = {
				FRAMEWORK_SEARCH_PATHS = (
					"$(inherited)",
					"$(PROJECT_DIR)/Demo/AdServices/StartApp_IOS-2.3.5.1",
					"$(PROJECT_DIR)/Demo/AdServices/GoogleMobileAdsSdkiOS-7.0.0",
				);
				OTHER_LDFLAGS = "-ObjC";
				PRODUCT_NAME = "$(TARGET_NAME)";
				SKIP_INSTALL = YES;
			};
			name = Release;
		};
		1CAFC7511A9DB99800AF53D3 /* Debug */ = {
			isa = XCBuildConfiguration;
			buildSettings = {
				ASSETCATALOG_COMPILER_APPICON_NAME = AppIcon;
				"CODE_SIGN_IDENTITY[sdk=iphoneos*]" = "iPhone Developer";
				FRAMEWORK_SEARCH_PATHS = (
					"$(inherited)",
					"$(PROJECT_DIR)/Demo/AdServices/GoogleMobileAdsSdkiOS-7.0.0",
					"$(PROJECT_DIR)/Demo/AdServices/StartApp_IOS-2.3.5.1",
				);
				GCC_PREPROCESSOR_DEFINITIONS = (
					"DEBUG=1",
					"$(inherited)",
				);
				INFOPLIST_FILE = Demo/Info.plist;
				LD_RUNPATH_SEARCH_PATHS = "$(inherited) @executable_path/Frameworks";
				PRODUCT_NAME = "$(TARGET_NAME)";
				TARGETED_DEVICE_FAMILY = "1,2";
			};
			name = Debug;
		};
		1CAFC7521A9DB99800AF53D3 /* Release */ = {
			isa = XCBuildConfiguration;
			buildSettings = {
				ASSETCATALOG_COMPILER_APPICON_NAME = AppIcon;
				"CODE_SIGN_IDENTITY[sdk=iphoneos*]" = "iPhone Developer";
				FRAMEWORK_SEARCH_PATHS = (
					"$(inherited)",
					"$(PROJECT_DIR)/Demo/AdServices/GoogleMobileAdsSdkiOS-7.0.0",
					"$(PROJECT_DIR)/Demo/AdServices/StartApp_IOS-2.3.5.1",
				);
				INFOPLIST_FILE = Demo/Info.plist;
				LD_RUNPATH_SEARCH_PATHS = "$(inherited) @executable_path/Frameworks";
				PRODUCT_NAME = "$(TARGET_NAME)";
				TARGETED_DEVICE_FAMILY = "1,2";
			};
			name = Release;
		};
/* End XCBuildConfiguration section */

/* Begin XCConfigurationList section */
		1CAFC70D1A9DB90700AF53D3 /* Build configuration list for PBXProject "AppControllerClient" */ = {
			isa = XCConfigurationList;
			buildConfigurations = (
				1CAFC7241A9DB90700AF53D3 /* Debug */,
				1CAFC7251A9DB90700AF53D3 /* Release */,
			);
			defaultConfigurationIsVisible = 0;
			defaultConfigurationName = Release;
		};
		1CAFC7261A9DB90700AF53D3 /* Build configuration list for PBXNativeTarget "AppControllerClient" */ = {
			isa = XCConfigurationList;
			buildConfigurations = (
				1CAFC7271A9DB90700AF53D3 /* Debug */,
				1CAFC7281A9DB90700AF53D3 /* Release */,
			);
			defaultConfigurationIsVisible = 0;
			defaultConfigurationName = Release;
		};
		1CAFC7501A9DB99800AF53D3 /* Build configuration list for PBXNativeTarget "Demo" */ = {
			isa = XCConfigurationList;
			buildConfigurations = (
				1CAFC7511A9DB99800AF53D3 /* Debug */,
				1CAFC7521A9DB99800AF53D3 /* Release */,
			);
			defaultConfigurationIsVisible = 0;
			defaultConfigurationName = Release;
		};
/* End XCConfigurationList section */
	};
	rootObject = 1CAFC70A1A9DB90700AF53D3 /* Project object */;
}
